
Microsoft Visual Studio Solution File, Format Version 12.00
# Visual Studio 14
VisualStudioVersion = 14.0.25420.1
MinimumVisualStudioVersion = 10.0.40219.1
Project("{FAE04EC0-301F-11D3-BF4B-00C04F79EFBC}") = "LimitLess.Web", "LimitLess\LimitLess.Web.csproj", "{5FB1396A-B955-4AC5-9C44-5F4C8F9E7940}"
EndProject
Project("{FAE04EC0-301F-11D3-BF4B-00C04F79EFBC}") = "LimitLess.Tests", "LimitLess.Tests\LimitLess.Tests.csproj", "{BCF5748C-D281-4CF6-9EBD-E9D6D215D8DD}"
EndProject
Project("{FAE04EC0-301F-11D3-BF4B-00C04F79EFBC}") = "Limitless.Model", "Limitless.Model\Limitless.Model.csproj", "{EDEC190F-79B6-4C08-BF44-3A2C2C2930EE}"
EndProject
Project("{FAE04EC0-301F-11D3-BF4B-00C04F79EFBC}") = "Limitless.Service", "Limitless.Service\Limitless.Service.csproj", "{87D901C2-3EFC-4E58-91DD-AE4FCFB7CB9B}"
EndProject
Project("{FAE04EC0-301F-11D3-BF4B-00C04F79EFBC}") = "Limitless.Data", "Limitless.Data\Limitless.Data.csproj", "{FE312E5B-5012-4D2F-98AA-D4763FD993C0}"
EndProject
Project("{FAE04EC0-301F-11D3-BF4B-00C04F79EFBC}") = "ManagementApp", "ManagementApp\ManagementApp.csproj", "{81DC6B64-E946-4F40-9B06-460B4B93F07A}"
EndProject
Global
	GlobalSection(SolutionConfigurationPlatforms) = preSolution
		Debug|Any CPU = Debug|Any CPU
		Release|Any CPU = Release|Any CPU
	EndGlobalSection
	GlobalSection(ProjectConfigurationPlatforms) = postSolution
		{5FB1396A-B955-4AC5-9C44-5F4C8F9E7940}.Debug|Any CPU.ActiveCfg = Debug|Any CPU
		{5FB1396A-B955-4AC5-9C44-5F4C8F9E7940}.Debug|Any CPU.Build.0 = Debug|Any CPU
		{5FB1396A-B955-4AC5-9C44-5F4C8F9E7940}.Release|Any CPU.ActiveCfg = Release|Any CPU
		{5FB1396A-B955-4AC5-9C44-5F4C8F9E7940}.Release|Any CPU.Build.0 = Release|Any CPU
		{BCF5748C-D281-4CF6-9EBD-E9D6D215D8DD}.Debug|Any CPU.ActiveCfg = Debug|Any CPU
		{BCF5748C-D281-4CF6-9EBD-E9D6D215D8DD}.Debug|Any CPU.Build.0 = Debug|Any CPU
		{BCF5748C-D281-4CF6-9EBD-E9D6D215D8DD}.Release|Any CPU.ActiveCfg = Release|Any CPU
		{BCF5748C-D281-4CF6-9EBD-E9D6D215D8DD}.Release|Any CPU.Build.0 = Release|Any CPU
		{EDEC190F-79B6-4C08-BF44-3A2C2C2930EE}.Debug|Any CPU.ActiveCfg = Debug|Any CPU
		{EDEC190F-79B6-4C08-BF44-3A2C2C2930EE}.Debug|Any CPU.Build.0 = Debug|Any CPU
		{EDEC190F-79B6-4C08-BF44-3A2C2C2930EE}.Release|Any CPU.ActiveCfg = Release|Any CPU
		{EDEC190F-79B6-4C08-BF44-3A2C2C2930EE}.Release|Any CPU.Build.0 = Release|Any CPU
		{87D901C2-3EFC-4E58-91DD-AE4FCFB7CB9B}.Debug|Any CPU.ActiveCfg = Debug|Any CPU
		{87D901C2-3EFC-4E58-91DD-AE4FCFB7CB9B}.Debug|Any CPU.Build.0 = Debug|Any CPU
		{87D901C2-3EFC-4E58-91DD-AE4FCFB7CB9B}.Release|Any CPU.ActiveCfg = Release|Any CPU
		{87D901C2-3EFC-4E58-91DD-AE4FCFB7CB9B}.Release|Any CPU.Build.0 = Release|Any CPU
		{FE312E5B-5012-4D2F-98AA-D4763FD993C0}.Debug|Any CPU.ActiveCfg = Debug|Any CPU
		{FE312E5B-5012-4D2F-98AA-D4763FD993C0}.Debug|Any CPU.Build.0 = Debug|Any CPU
		{FE312E5B-5012-4D2F-98AA-D4763FD993C0}.Release|Any CPU.ActiveCfg = Release|Any CPU
		{FE312E5B-5012-4D2F-98AA-D4763FD993C0}.Release|Any CPU.Build.0 = Release|Any CPU
		{81DC6B64-E946-4F40-9B06-460B4B93F07A}.Debug|Any CPU.ActiveCfg = Debug|Any CPU
		{81DC6B64-E946-4F40-9B06-460B4B93F07A}.Debug|Any CPU.Build.0 = Debug|Any CPU
		{81DC6B64-E946-4F40-9B06-460B4B93F07A}.Release|Any CPU.ActiveCfg = Release|Any CPU
		{81DC6B64-E946-4F40-9B06-460B4B93F07A}.Release|Any CPU.Build.0 = Release|Any CPU
	EndGlobalSection
	GlobalSection(SolutionProperties) = preSolution
		HideSolutionNode = FALSE
	EndGlobalSection
EndGlobal
